{
  "name": "hkdigital-devtool",
  "version": "1.0.0",
  "lockfileVersion": 2,
  "requires": true,
  "packages": {
    "": {
      "name": "hkdigital-devtool",
      "version": "1.0.0",
      "license": "ISC",
      "dependencies": {
        "rsync": "^0.6.1"
      }
    },
    "node_modules/rsync": {
      "version": "0.6.1",
      "resolved": "https://registry.npmjs.org/rsync/-/rsync-0.6.1.tgz",
      "integrity": "sha1-NoGgCYvYdQRI+L+dof7gn3djdCs="
    }
  },
  "dependencies": {
    "rsync": {
      "version": "0.6.1",
      "resolved": "https://registry.npmjs.org/rsync/-/rsync-0.6.1.tgz",
      "integrity": "sha1-NoGgCYvYdQRI+L+dof7gn3djdCs="
    }
  }
}
